
Microsoft Visual Studio Solution File, Format Version 12.00
# Visual Studio Version 17
VisualStudioVersion = 17.4.33122.133
MinimumVisualStudioVersion = 10.0.40219.1
Project("{9A19103F-16F7-4668-BE54-9A1E7A4F7556}") = "ConsoleApp1", "ConsoleApp1.csproj", "{DFC1BE11-5ABB-478F-AB19-7D571CC0493F}"
EndProject
Global
	GlobalSection(SolutionConfigurationPlatforms) = preSolution
		Debug|Any CPU = Debug|Any CPU
		Release|Any CPU = Release|Any CPU
	EndGlobalSection
	GlobalSection(ProjectConfigurationPlatforms) = postSolution
		{DFC1BE11-5ABB-478F-AB19-7D571CC0493F}.Debug|Any CPU.ActiveCfg = Debug|Any CPU
		{DFC1BE11-5ABB-478F-AB19-7D571CC0493F}.Debug|Any CPU.Build.0 = Debug|Any CPU
		{DFC1BE11-5ABB-478F-AB19-7D571CC0493F}.Release|Any CPU.ActiveCfg = Release|Any CPU
		{DFC1BE11-5ABB-478F-AB19-7D571CC0493F}.Release|Any CPU.Build.0 = Release|Any CPU
	EndGlobalSection
	GlobalSection(SolutionProperties) = preSolution
		HideSolutionNode = FALSE
	EndGlobalSection
	GlobalSection(ExtensibilityGlobals) = postSolution
		SolutionGuid = {63EF3B35-4C93-4FA1-A335-C1D7BD8A452E}
	EndGlobalSection
EndGlobal
