
Microsoft Visual Studio Solution File, Format Version 12.00
# Visual Studio Version 17
VisualStudioVersion = 17.1.32210.238
MinimumVisualStudioVersion = 10.0.40219.1
Project("{8BC9CEB8-8B4A-11D0-8D11-00A0C91BC942}") = "Laborator_6_7_bun", "Laborator_6_7_bun\Laborator_6_7_bun.vcxproj", "{41E19684-1A89-4FD3-AB91-BAA448019149}"
EndProject
Global
	GlobalSection(SolutionConfigurationPlatforms) = preSolution
		Debug|x64 = Debug|x64
		Debug|x86 = Debug|x86
		Release|x64 = Release|x64
		Release|x86 = Release|x86
	EndGlobalSection
	GlobalSection(ProjectConfigurationPlatforms) = postSolution
		{41E19684-1A89-4FD3-AB91-BAA448019149}.Debug|x64.ActiveCfg = Debug|x64
		{41E19684-1A89-4FD3-AB91-BAA448019149}.Debug|x64.Build.0 = Debug|x64
		{41E19684-1A89-4FD3-AB91-BAA448019149}.Debug|x86.ActiveCfg = Debug|Win32
		{41E19684-1A89-4FD3-AB91-BAA448019149}.Debug|x86.Build.0 = Debug|Win32
		{41E19684-1A89-4FD3-AB91-BAA448019149}.Release|x64.ActiveCfg = Release|x64
		{41E19684-1A89-4FD3-AB91-BAA448019149}.Release|x64.Build.0 = Release|x64
		{41E19684-1A89-4FD3-AB91-BAA448019149}.Release|x86.ActiveCfg = Release|Win32
		{41E19684-1A89-4FD3-AB91-BAA448019149}.Release|x86.Build.0 = Release|Win32
	EndGlobalSection
	GlobalSection(SolutionProperties) = preSolution
		HideSolutionNode = FALSE
	EndGlobalSection
	GlobalSection(ExtensibilityGlobals) = postSolution
		SolutionGuid = {B58B3ACC-2753-4E36-BC14-3372DD261624}
	EndGlobalSection
EndGlobal
