
Microsoft Visual Studio Solution File, Format Version 12.00
# Visual Studio Version 17
VisualStudioVersion = 17.4.33122.133
MinimumVisualStudioVersion = 10.0.40219.1
Project("{FAE04EC0-301F-11D3-BF4B-00C04F79EFBC}") = "Festivaluri222-1", "Festivaluri222-1.csproj", "{EC1A8BF6-AB2E-4C72-B276-A3F194610B73}"
EndProject
Global
	GlobalSection(SolutionConfigurationPlatforms) = preSolution
		Debug|Any CPU = Debug|Any CPU
		Release|Any CPU = Release|Any CPU
	EndGlobalSection
	GlobalSection(ProjectConfigurationPlatforms) = postSolution
		{EC1A8BF6-AB2E-4C72-B276-A3F194610B73}.Debug|Any CPU.ActiveCfg = Debug|Any CPU
		{EC1A8BF6-AB2E-4C72-B276-A3F194610B73}.Debug|Any CPU.Build.0 = Debug|Any CPU
		{EC1A8BF6-AB2E-4C72-B276-A3F194610B73}.Release|Any CPU.ActiveCfg = Release|Any CPU
		{EC1A8BF6-AB2E-4C72-B276-A3F194610B73}.Release|Any CPU.Build.0 = Release|Any CPU
	EndGlobalSection
	GlobalSection(SolutionProperties) = preSolution
		HideSolutionNode = FALSE
	EndGlobalSection
	GlobalSection(ExtensibilityGlobals) = postSolution
		SolutionGuid = {F7358912-3893-4AAE-A207-81C7010C69E9}
	EndGlobalSection
EndGlobal
